// !$*UTF8*$!
{
	archiveVersion = 1;
	classes = {
	};
	objectVersion = 50;
	objects = {

/* Begin PBXBuildFile section */
		463B71B523FDCE940057BCBF /* AppDelegate.swift in Sources */ = {isa = PBXBuildFile; fileRef = 463B71B423FDCE940057BCBF /* AppDelegate.swift */; };
		463B71B723FDCE940057BCBF /* SceneDelegate.swift in Sources */ = {isa = PBXBuildFile; fileRef = 463B71B623FDCE940057BCBF /* SceneDelegate.swift */; };
		463B71BC23FDCE940057BCBF /* Main.storyboard in Resources */ = {isa = PBXBuildFile; fileRef = 463B71BA23FDCE940057BCBF /* Main.storyboard */; };
		463B71BE23FDCE950057BCBF /* Assets.xcassets in Resources */ = {isa = PBXBuildFile; fileRef = 463B71BD23FDCE950057BCBF /* Assets.xcassets */; };
		463B71C123FDCE950057BCBF /* LaunchScreen.storyboard in Resources */ = {isa = PBXBuildFile; fileRef = 463B71BF23FDCE950057BCBF /* LaunchScreen.storyboard */; };
		463B71C923FDD1270057BCBF /* StoriesTableViewController.swift in Sources */ = {isa = PBXBuildFile; fileRef = 463B71C823FDD1270057BCBF /* StoriesTableViewController.swift */; };
/* End PBXBuildFile section */

/* Begin PBXFileReference section */
		463B71B123FDCE940057BCBF /* NewspaperExample.app */ = {isa = PBXFileReference; explicitFileType = wrapper.application; includeInIndex = 0; path = NewspaperExample.app; sourceTree = BUILT_PRODUCTS_DIR; };
		463B71B423FDCE940057BCBF /* AppDelegate.swift */ = {isa = PBXFileReference; lastKnownFileType = sourcecode.swift; path = AppDelegate.swift; sourceTree = "<group>"; };
		463B71B623FDCE940057BCBF /* SceneDelegate.swift */ = {isa = PBXFileReference; lastKnownFileType = sourcecode.swift; path = SceneDelegate.swift; sourceTree = "<group>"; };
		463B71BB23FDCE940057BCBF /* Base */ = {isa = PBXFileReference; lastKnownFileType = file.storyboard; name = Base; path = Base.lproj/Main.storyboard; sourceTree = "<group>"; };
		463B71BD23FDCE950057BCBF /* Assets.xcassets */ = {isa = PBXFileReference; lastKnownFileType = folder.assetcatalog; path = Assets.xcassets; sourceTree = "<group>"; };
		463B71C023FDCE950057BCBF /* Base */ = {isa = PBXFileReference; lastKnownFileType = file.storyboard; name = Base; path = Base.lproj/LaunchScreen.storyboard; sourceTree = "<group>"; };
		463B71C223FDCE950057BCBF /* Info.plist */ = {isa = PBXFileReference; lastKnownFileType = text.plist.xml; path = Info.plist; sourceTree = "<group>"; };
		463B71C823FDD1270057BCBF /* StoriesTableViewController.swift */ = {isa = PBXFileReference; lastKnownFileType = sourcecode.swift; path = StoriesTableViewController.swift; sourceTree = "<group>"; };
/* End PBXFileReference section */

/* Begin PBXFrameworksBuildPhase section */
		463B71AE23FDCE940057BCBF /* Frameworks */ = {
			isa = PBXFrameworksBuildPhase;
			buildActionMask = 2147483647;
			files = (
			);
			runOnlyForDeploymentPostprocessing = 0;
		};
/* End PBXFrameworksBuildPhase section */

/* Begin PBXGroup section */
		463B71A823FDCE940057BCBF = {
			isa = PBXGroup;
			children = (
				463B71B323FDCE940057BCBF /* NewspaperExample */,
				463B71B223FDCE940057BCBF /* Products */,
			);
			sourceTree = "<group>";
		};
		463B71B223FDCE940057BCBF /* Products */ = {
			isa = PBXGroup;
			children = (
				463B71B123FDCE940057BCBF /* NewspaperExample.app */,
			);
			name = Products;
			sourceTree = "<group>";
		};
		463B71B323FDCE940057BCBF /* NewspaperExample */ = {
			isa = PBXGroup;
			children = (
				463B71B423FDCE940057BCBF /* AppDelegate.swift */,
				463B71B623FDCE940057BCBF /* SceneDelegate.swift */,
				463B71BA23FDCE940057BCBF /* Main.storyboard */,
				463B71BD23FDCE950057BCBF /* Assets.xcassets */,
				463B71BF23FDCE950057BCBF /* LaunchScreen.storyboard */,
				463B71C223FDCE950057BCBF /* Info.plist */,
				463B71C823FDD1270057BCBF /* StoriesTableViewController.swift */,
			);
			path = NewspaperExample;
			sourceTree = "<group>";
		};
/* End PBXGroup section */

/* Begin PBXNativeTarget section */
		463B71B023FDCE940057BCBF /* NewspaperExample */ = {
			isa = PBXNativeTarget;
			buildConfigurationList = 463B71C523FDCE950057BCBF /* Build configuration list for PBXNativeTarget "NewspaperExample" */;
			buildPhases = (
				463B71AD23FDCE940057BCBF /* Sources */,
				463B71AE23FDCE940057BCBF /* Frameworks */,
				463B71AF23FDCE940057BCBF /* Resources */,
			);
			buildRules = (
			);
			dependencies = (
			);
			name = NewspaperExample;
			productName = NewspaperExample;
			productReference = 463B71B123FDCE940057BCBF /* NewspaperExample.app */;
			productType = "com.apple.product-type.application";
		};
/* End PBXNativeTarget section */

/* Begin PBXProject section */
		463B71A923FDCE940057BCBF /* Project object */ = {
			isa = PBXProject;
			attributes = {
				LastSwiftUpdateCheck = 1130;
				LastUpgradeCheck = 1130;
				ORGANIZATIONNAME = "Peter Driscoll";
				TargetAttributes = {
					463B71B023FDCE940057BCBF = {
						CreatedOnToolsVersion = 11.3;
					};
				};
			};
			buildConfigurationList = 463B71AC23FDCE940057BCBF /* Build configuration list for PBXProject "NewspaperExample" */;
			compatibilityVersion = "Xcode 9.3";
			developmentRegion = en;
			hasScannedForEncodings = 0;
			knownRegions = (
				en,
				Base,
			);
			mainGroup = 463B71A823FDCE940057BCBF;
			productRefGroup = 463B71B223FDCE940057BCBF /* Products */;
			projectDirPath = "";
			projectRoot = "";
			targets = (
				463B71B023FDCE940057BCBF /* NewspaperExample */,
			);
		};
/* End PBXProject section */

/* Begin PBXResourcesBuildPhase section */
		463B71AF23FDCE940057BCBF /* Resources */ = {
			isa = PBXResourcesBuildPhase;
			buildActionMask = 2147483647;
			files = (
				463B71C123FDCE950057BCBF /* LaunchScreen.storyboard in Resources */,
				463B71BE23FDCE950057BCBF /* Assets.xcassets in Resources */,
				463B71BC23FDCE940057BCBF /* Main.storyboard in Resources */,
			);
			runOnlyForDeploymentPostprocessing = 0;
		};
/* End PBXResourcesBuildPhase section */

/* Begin PBXSourcesBuildPhase section */
		463B71AD23FDCE940057BCBF /* Sources */ = {
			isa = PBXSourcesBuildPhase;
			buildActionMask = 2147483647;
			files = (
				463B71C923FDD1270057BCBF /* StoriesTableViewController.swift in Sources */,
				463B71B523FDCE940057BCBF /* AppDelegate.swift in Sources */,
				463B71B723FDCE940057BCBF /* SceneDelegate.swift in Sources */,
			);
			runOnlyForDeploymentPostprocessing = 0;
		};
/* End PBXSourcesBuildPhase section */

/* Begin PBXVariantGroup section */
		463B71BA23FDCE940057BCBF /* Main.storyboard */ = {
			isa = PBXVariantGroup;
			children = (
				463B71BB23FDCE940057BCBF /* Base */,
			);
			name = Main.storyboard;
			sourceTree = "<group>";
		};
		463B71BF23FDCE950057BCBF /* LaunchScreen.storyboard */ = {
			isa = PBXVariantGroup;
			children = (
				463B71C023FDCE950057BCBF /* Base */,
			);
			name = LaunchScreen.storyboard;
			sourceTree = "<group>";
		};
/* End PBXVariantGroup section */

/* Begin XCBuildConfiguration section */
		463B71C323FDCE950057BCBF /* Debug */ = {
			isa = XCBuildConfiguration;
			buildSettings = {
				ALWAYS_SEARCH_USER_PATHS = NO;
				CLANG_ANALYZER_NONNULL = YES;
				CLANG_ANALYZER_NUMBER_OBJECT_CONVERSION = YES_AGGRESSIVE;
				CLANG_CXX_LANGUAGE_STANDARD = "gnu++14";
				CLANG_CXX_LIBRARY = "libc++";
				CLANG_ENABLE_MODULES = YES;
				CLANG_ENABLE_OBJC_ARC = YES;
				CLANG_ENABLE_OBJC_WEAK = YES;
				CLANG_WARN_BLOCK_CAPTURE_AUTORELEASING = YES;
				CLANG_WARN_BOOL_CONVERSION = YES;
				CLANG_WARN_COMMA = YES;
				CLANG_WARN_CONSTANT_CONVERSION = YES;
				CLANG_WARN_DEPRECATED_OBJC_IMPLEMENTATIONS = YES;
				CLANG_WARN_DIRECT_OBJC_ISA_USAGE = YES_ERROR;
				CLANG_WARN_DOCUMENTATION_COMMENTS = YES;
				CLANG_WARN_EMPTY_BODY = YES;
				CLANG_WARN_ENUM_CONVERSION = YES;
				CLANG_WARN_INFINITE_RECURSION = YES;
				CLANG_WARN_INT_CONVERSION = YES;
				CLANG_WARN_NON_LITERAL_NULL_CONVERSION = YES;
				CLANG_WARN_OBJC_IMPLICIT_RETAIN_SELF = YES;
				CLANG_WARN_OBJC_LITERAL_CONVERSION = YES;
				CLANG_WARN_OBJC_ROOT_CLASS = YES_ERROR;
				CLANG_WARN_RANGE_LOOP_ANALYSIS = YES;
				CLANG_WARN_STRICT_PROTOTYPES = YES;
				CLANG_WARN_SUSPICIOUS_MOVE = YES;
				CLANG_WARN_UNGUARDED_AVAILABILITY = YES_AGGRESSIVE;
				CLANG_WARN_UNREACHABLE_CODE = YES;
				CLANG_WARN__DUPLICATE_METHOD_MATCH = YES;
				COPY_PHASE_STRIP = NO;
				DEBUG_INFORMATION_FORMAT = dwarf;
				ENABLE_STRICT_OBJC_MSGSEND = YES;
				ENABLE_TESTABILITY = YES;
				GCC_C_LANGUAGE_STANDARD = gnu11;
				GCC_DYNAMIC_NO_PIC = NO;
				GCC_NO_COMMON_BLOCKS = YES;
				GCC_OPTIMIZATION_LEVEL = 0;
				GCC_PREPROCESSOR_DEFINITIONS = (
					"DEBUG=1",
					"$(inherited)",
				);
				GCC_WARN_64_TO_32_BIT_CONVERSION = YES;
				GCC_WARN_ABOUT_RETURN_TYPE = YES_ERROR;
				GCC_WARN_UNDECLARED_SELECTOR = YES;
				GCC_WARN_UNINITIALIZED_AUTOS = YES_AGGRESSIVE;
				GCC_WARN_UNUSED_FUNCTION = YES;
				GCC_WARN_UNUSED_VARIABLE = YES;
				IPHONEOS_DEPLOYMENT_TARGET = 13.2;
				MTL_ENABLE_DEBUG_INFO = INCLUDE_SOURCE;
				MTL_FAST_MATH = YES;
				ONLY_ACTIVE_ARCH = YES;
				SDKROOT = iphoneos;
				SWIFT_ACTIVE_COMPILATION_CONDITIONS = DEBUG;
				SWIFT_OPTIMIZATION_LEVEL = "-Onone";
			};
			name = Debug;
		};
		463B71C423FDCE950057BCBF /* Release */ = {
			isa = XCBuildConfiguration;
			buildSettings = {
				ALWAYS_SEARCH_USER_PATHS = NO;
				CLANG_ANALYZER_NONNULL = YES;
				CLANG_ANALYZER_NUMBER_OBJECT_CONVERSION = YES_AGGRESSIVE;
				CLANG_CXX_LANGUAGE_STANDARD = "gnu++14";
				CLANG_CXX_LIBRARY = "libc++";
				CLANG_ENABLE_MODULES = YES;
				CLANG_ENABLE_OBJC_ARC = YES;
				CLANG_ENABLE_OBJC_WEAK = YES;
				CLANG_WARN_BLOCK_CAPTURE_AUTORELEASING = YES;
				CLANG_WARN_BOOL_CONVERSION = YES;
				CLANG_WARN_COMMA = YES;
				CLANG_WARN_CONSTANT_CONVERSION = YES;
				CLANG_WARN_DEPRECATED_OBJC_IMPLEMENTATIONS = YES;
				CLANG_WARN_DIRECT_OBJC_ISA_USAGE = YES_ERROR;
				CLANG_WARN_DOCUMENTATION_COMMENTS = YES;
				CLANG_WARN_EMPTY_BODY = YES;
				CLANG_WARN_ENUM_CONVERSION = YES;
				CLANG_WARN_INFINITE_RECURSION = YES;
				CLANG_WARN_INT_CONVERSION = YES;
				CLANG_WARN_NON_LITERAL_NULL_CONVERSION = YES;
				CLANG_WARN_OBJC_IMPLICIT_RETAIN_SELF = YES;
				CLANG_WARN_OBJC_LITERAL_CONVERSION = YES;
				CLANG_WARN_OBJC_ROOT_CLASS = YES_ERROR;
				CLANG_WARN_RANGE_LOOP_ANALYSIS = YES;
				CLANG_WARN_STRICT_PROTOTYPES = YES;
				CLANG_WARN_SUSPICIOUS_MOVE = YES;
				CLANG_WARN_UNGUARDED_AVAILABILITY = YES_AGGRESSIVE;
				CLANG_WARN_UNREACHABLE_CODE = YES;
				CLANG_WARN__DUPLICATE_METHOD_MATCH = YES;
				COPY_PHASE_STRIP = NO;
				DEBUG_INFORMATION_FORMAT = "dwarf-with-dsym";
				ENABLE_NS_ASSERTIONS = NO;
				ENABLE_STRICT_OBJC_MSGSEND = YES;
				GCC_C_LANGUAGE_STANDARD = gnu11;
				GCC_NO_COMMON_BLOCKS = YES;
				GCC_WARN_64_TO_32_BIT_CONVERSION = YES;
				GCC_WARN_ABOUT_RETURN_TYPE = YES_ERROR;
				GCC_WARN_UNDECLARED_SELECTOR = YES;
				GCC_WARN_UNINITIALIZED_AUTOS = YES_AGGRESSIVE;
				GCC_WARN_UNUSED_FUNCTION = YES;
				GCC_WARN_UNUSED_VARIABLE = YES;
				IPHONEOS_DEPLOYMENT_TARGET = 13.2;
				MTL_ENABLE_DEBUG_INFO = NO;
				MTL_FAST_MATH = YES;
				SDKROOT = iphoneos;
				SWIFT_COMPILATION_MODE = wholemodule;
				SWIFT_OPTIMIZATION_LEVEL = "-O";
				VALIDATE_PRODUCT = YES;
			};
			name = Release;
		};
		463B71C623FDCE950057BCBF /* Debug */ = {
			isa = XCBuildConfiguration;
			buildSettings = {
				ASSETCATALOG_COMPILER_APPICON_NAME = AppIcon;
				CODE_SIGN_STYLE = Automatic;
				INFOPLIST_FILE = NewspaperExample/Info.plist;
				LD_RUNPATH_SEARCH_PATHS = (
					"$(inherited)",
					"@executable_path/Frameworks",
				);
				PRODUCT_BUNDLE_IDENTIFIER = cs329e.NewspaperExample;
				PRODUCT_NAME = "$(TARGET_NAME)";
				SWIFT_VERSION = 5.0;
				TARGETED_DEVICE_FAMILY = "1,2";
			};
			name = Debug;
		};
		463B71C723FDCE950057BCBF /* Release */ = {
			isa = XCBuildConfiguration;
			buildSettings = {
				ASSETCATALOG_COMPILER_APPICON_NAME = AppIcon;
				CODE_SIGN_STYLE = Automatic;
				INFOPLIST_FILE = NewspaperExample/Info.plist;
				LD_RUNPATH_SEARCH_PATHS = (
					"$(inherited)",
					"@executable_path/Frameworks",
				);
				PRODUCT_BUNDLE_IDENTIFIER = cs329e.NewspaperExample;
				PRODUCT_NAME = "$(TARGET_NAME)";
				SWIFT_VERSION = 5.0;
				TARGETED_DEVICE_FAMILY = "1,2";
			};
			name = Release;
		};
/* End XCBuildConfiguration section */

/* Begin XCConfigurationList section */
		463B71AC23FDCE940057BCBF /* Build configuration list for PBXProject "NewspaperExample" */ = {
			isa = XCConfigurationList;
			buildConfigurations = (
				463B71C323FDCE950057BCBF /* Debug */,
				463B71C423FDCE950057BCBF /* Release */,
			);
			defaultConfigurationIsVisible = 0;
			defaultConfigurationName = Release;
		};
		463B71C523FDCE950057BCBF /* Build configuration list for PBXNativeTarget "NewspaperExample" */ = {
			isa = XCConfigurationList;
			buildConfigurations = (
				463B71C623FDCE950057BCBF /* Debug */,
				463B71C723FDCE950057BCBF /* Release */,
			);
			defaultConfigurationIsVisible = 0;
			defaultConfigurationName = Release;
		};
/* End XCConfigurationList section */
	};
	rootObject = 463B71A923FDCE940057BCBF /* Project object */;
}
