// !$*UTF8*$!
{
	archiveVersion = 1;
	classes = {
	};
	objectVersion = 50;
	objects = {

/* Begin PBXBuildFile section */
		11EE2C8C243ADACB00F06AD9 /* RecruitmentViewController.swift in Sources */ = {isa = PBXBuildFile; fileRef = 11EE2C8B243ADACB00F06AD9 /* RecruitmentViewController.swift */; };
		1D427CF924392FA8003704E5 /* AppDelegate.swift in Sources */ = {isa = PBXBuildFile; fileRef = 1D427CF824392FA8003704E5 /* AppDelegate.swift */; };
		1D427CFB24392FA8003704E5 /* SceneDelegate.swift in Sources */ = {isa = PBXBuildFile; fileRef = 1D427CFA24392FA8003704E5 /* SceneDelegate.swift */; };
		1D427D0024392FA8003704E5 /* Main.storyboard in Resources */ = {isa = PBXBuildFile; fileRef = 1D427CFE24392FA8003704E5 /* Main.storyboard */; };
		1D427D0324392FA8003704E5 /* assignment6.xcdatamodeld in Sources */ = {isa = PBXBuildFile; fileRef = 1D427D0124392FA8003704E5 /* assignment6.xcdatamodeld */; };
		1D427D0524392FAD003704E5 /* Assets.xcassets in Resources */ = {isa = PBXBuildFile; fileRef = 1D427D0424392FAD003704E5 /* Assets.xcassets */; };
		1D427D0824392FAD003704E5 /* LaunchScreen.storyboard in Resources */ = {isa = PBXBuildFile; fileRef = 1D427D0624392FAD003704E5 /* LaunchScreen.storyboard */; };
		1D427D102439327C003704E5 /* AdventurerTableViewCell.swift in Sources */ = {isa = PBXBuildFile; fileRef = 1D427D0F2439327C003704E5 /* AdventurerTableViewCell.swift */; };
		1D427D12243932D7003704E5 /* AdventurerTableViewController.swift in Sources */ = {isa = PBXBuildFile; fileRef = 1D427D11243932D7003704E5 /* AdventurerTableViewController.swift */; };
		1D427D142439378F003704E5 /* Adventurer.swift in Sources */ = {isa = PBXBuildFile; fileRef = 1D427D132439378F003704E5 /* Adventurer.swift */; };
/* End PBXBuildFile section */

/* Begin PBXFileReference section */
		11EE2C8B243ADACB00F06AD9 /* RecruitmentViewController.swift */ = {isa = PBXFileReference; lastKnownFileType = sourcecode.swift; path = RecruitmentViewController.swift; sourceTree = "<group>"; };
		1D427CF524392FA8003704E5 /* assignment6.app */ = {isa = PBXFileReference; explicitFileType = wrapper.application; includeInIndex = 0; path = assignment6.app; sourceTree = BUILT_PRODUCTS_DIR; };
		1D427CF824392FA8003704E5 /* AppDelegate.swift */ = {isa = PBXFileReference; lastKnownFileType = sourcecode.swift; path = AppDelegate.swift; sourceTree = "<group>"; };
		1D427CFA24392FA8003704E5 /* SceneDelegate.swift */ = {isa = PBXFileReference; lastKnownFileType = sourcecode.swift; path = SceneDelegate.swift; sourceTree = "<group>"; };
		1D427CFF24392FA8003704E5 /* Base */ = {isa = PBXFileReference; lastKnownFileType = file.storyboard; name = Base; path = Base.lproj/Main.storyboard; sourceTree = "<group>"; };
		1D427D0224392FA8003704E5 /* assignment6.xcdatamodel */ = {isa = PBXFileReference; lastKnownFileType = wrapper.xcdatamodel; path = assignment6.xcdatamodel; sourceTree = "<group>"; };
		1D427D0424392FAD003704E5 /* Assets.xcassets */ = {isa = PBXFileReference; lastKnownFileType = folder.assetcatalog; path = Assets.xcassets; sourceTree = "<group>"; };
		1D427D0724392FAD003704E5 /* Base */ = {isa = PBXFileReference; lastKnownFileType = file.storyboard; name = Base; path = Base.lproj/LaunchScreen.storyboard; sourceTree = "<group>"; };
		1D427D0924392FAD003704E5 /* Info.plist */ = {isa = PBXFileReference; lastKnownFileType = text.plist.xml; path = Info.plist; sourceTree = "<group>"; };
		1D427D0F2439327C003704E5 /* AdventurerTableViewCell.swift */ = {isa = PBXFileReference; lastKnownFileType = sourcecode.swift; path = AdventurerTableViewCell.swift; sourceTree = "<group>"; };
		1D427D11243932D7003704E5 /* AdventurerTableViewController.swift */ = {isa = PBXFileReference; lastKnownFileType = sourcecode.swift; path = AdventurerTableViewController.swift; sourceTree = "<group>"; };
		1D427D132439378F003704E5 /* Adventurer.swift */ = {isa = PBXFileReference; lastKnownFileType = sourcecode.swift; path = Adventurer.swift; sourceTree = "<group>"; };
/* End PBXFileReference section */

/* Begin PBXFrameworksBuildPhase section */
		1D427CF224392FA8003704E5 /* Frameworks */ = {
			isa = PBXFrameworksBuildPhase;
			buildActionMask = 2147483647;
			files = (
			);
			runOnlyForDeploymentPostprocessing = 0;
		};
/* End PBXFrameworksBuildPhase section */

/* Begin PBXGroup section */
		1D427CEC24392FA8003704E5 = {
			isa = PBXGroup;
			children = (
				1D427CF724392FA8003704E5 /* assignment6 */,
				1D427CF624392FA8003704E5 /* Products */,
			);
			sourceTree = "<group>";
		};
		1D427CF624392FA8003704E5 /* Products */ = {
			isa = PBXGroup;
			children = (
				1D427CF524392FA8003704E5 /* assignment6.app */,
			);
			name = Products;
			sourceTree = "<group>";
		};
		1D427CF724392FA8003704E5 /* assignment6 */ = {
			isa = PBXGroup;
			children = (
				1D427CF824392FA8003704E5 /* AppDelegate.swift */,
				1D427CFA24392FA8003704E5 /* SceneDelegate.swift */,
				1D427CFE24392FA8003704E5 /* Main.storyboard */,
				1D427D132439378F003704E5 /* Adventurer.swift */,
				1D427D0F2439327C003704E5 /* AdventurerTableViewCell.swift */,
				11EE2C8B243ADACB00F06AD9 /* RecruitmentViewController.swift */,
				1D427D11243932D7003704E5 /* AdventurerTableViewController.swift */,
				1D427D0424392FAD003704E5 /* Assets.xcassets */,
				1D427D0624392FAD003704E5 /* LaunchScreen.storyboard */,
				1D427D0924392FAD003704E5 /* Info.plist */,
				1D427D0124392FA8003704E5 /* assignment6.xcdatamodeld */,
			);
			path = assignment6;
			sourceTree = "<group>";
		};
/* End PBXGroup section */

/* Begin PBXNativeTarget section */
		1D427CF424392FA8003704E5 /* assignment6 */ = {
			isa = PBXNativeTarget;
			buildConfigurationList = 1D427D0C24392FAD003704E5 /* Build configuration list for PBXNativeTarget "assignment6" */;
			buildPhases = (
				1D427CF124392FA8003704E5 /* Sources */,
				1D427CF224392FA8003704E5 /* Frameworks */,
				1D427CF324392FA8003704E5 /* Resources */,
			);
			buildRules = (
			);
			dependencies = (
			);
			name = assignment6;
			productName = assignment6;
			productReference = 1D427CF524392FA8003704E5 /* assignment6.app */;
			productType = "com.apple.product-type.application";
		};
/* End PBXNativeTarget section */

/* Begin PBXProject section */
		1D427CED24392FA8003704E5 /* Project object */ = {
			isa = PBXProject;
			attributes = {
				LastSwiftUpdateCheck = 1130;
				LastUpgradeCheck = 1130;
				ORGANIZATIONNAME = group6;
				TargetAttributes = {
					1D427CF424392FA8003704E5 = {
						CreatedOnToolsVersion = 11.3.1;
					};
				};
			};
			buildConfigurationList = 1D427CF024392FA8003704E5 /* Build configuration list for PBXProject "assignment6" */;
			compatibilityVersion = "Xcode 9.3";
			developmentRegion = en;
			hasScannedForEncodings = 0;
			knownRegions = (
				en,
				Base,
			);
			mainGroup = 1D427CEC24392FA8003704E5;
			productRefGroup = 1D427CF624392FA8003704E5 /* Products */;
			projectDirPath = "";
			projectRoot = "";
			targets = (
				1D427CF424392FA8003704E5 /* assignment6 */,
			);
		};
/* End PBXProject section */

/* Begin PBXResourcesBuildPhase section */
		1D427CF324392FA8003704E5 /* Resources */ = {
			isa = PBXResourcesBuildPhase;
			buildActionMask = 2147483647;
			files = (
				1D427D0824392FAD003704E5 /* LaunchScreen.storyboard in Resources */,
				1D427D0524392FAD003704E5 /* Assets.xcassets in Resources */,
				1D427D0024392FA8003704E5 /* Main.storyboard in Resources */,
			);
			runOnlyForDeploymentPostprocessing = 0;
		};
/* End PBXResourcesBuildPhase section */

/* Begin PBXSourcesBuildPhase section */
		1D427CF124392FA8003704E5 /* Sources */ = {
			isa = PBXSourcesBuildPhase;
			buildActionMask = 2147483647;
			files = (
				1D427D102439327C003704E5 /* AdventurerTableViewCell.swift in Sources */,
				1D427D142439378F003704E5 /* Adventurer.swift in Sources */,
				1D427D12243932D7003704E5 /* AdventurerTableViewController.swift in Sources */,
				11EE2C8C243ADACB00F06AD9 /* RecruitmentViewController.swift in Sources */,
				1D427CF924392FA8003704E5 /* AppDelegate.swift in Sources */,
				1D427CFB24392FA8003704E5 /* SceneDelegate.swift in Sources */,
				1D427D0324392FA8003704E5 /* assignment6.xcdatamodeld in Sources */,
			);
			runOnlyForDeploymentPostprocessing = 0;
		};
/* End PBXSourcesBuildPhase section */

/* Begin PBXVariantGroup section */
		1D427CFE24392FA8003704E5 /* Main.storyboard */ = {
			isa = PBXVariantGroup;
			children = (
				1D427CFF24392FA8003704E5 /* Base */,
			);
			name = Main.storyboard;
			sourceTree = "<group>";
		};
		1D427D0624392FAD003704E5 /* LaunchScreen.storyboard */ = {
			isa = PBXVariantGroup;
			children = (
				1D427D0724392FAD003704E5 /* Base */,
			);
			name = LaunchScreen.storyboard;
			sourceTree = "<group>";
		};
/* End PBXVariantGroup section */

/* Begin XCBuildConfiguration section */
		1D427D0A24392FAD003704E5 /* Debug */ = {
			isa = XCBuildConfiguration;
			buildSettings = {
				ALWAYS_SEARCH_USER_PATHS = NO;
				CLANG_ANALYZER_NONNULL = YES;
				CLANG_ANALYZER_NUMBER_OBJECT_CONVERSION = YES_AGGRESSIVE;
				CLANG_CXX_LANGUAGE_STANDARD = "gnu++14";
				CLANG_CXX_LIBRARY = "libc++";
				CLANG_ENABLE_MODULES = YES;
				CLANG_ENABLE_OBJC_ARC = YES;
				CLANG_ENABLE_OBJC_WEAK = YES;
				CLANG_WARN_BLOCK_CAPTURE_AUTORELEASING = YES;
				CLANG_WARN_BOOL_CONVERSION = YES;
				CLANG_WARN_COMMA = YES;
				CLANG_WARN_CONSTANT_CONVERSION = YES;
				CLANG_WARN_DEPRECATED_OBJC_IMPLEMENTATIONS = YES;
				CLANG_WARN_DIRECT_OBJC_ISA_USAGE = YES_ERROR;
				CLANG_WARN_DOCUMENTATION_COMMENTS = YES;
				CLANG_WARN_EMPTY_BODY = YES;
				CLANG_WARN_ENUM_CONVERSION = YES;
				CLANG_WARN_INFINITE_RECURSION = YES;
				CLANG_WARN_INT_CONVERSION = YES;
				CLANG_WARN_NON_LITERAL_NULL_CONVERSION = YES;
				CLANG_WARN_OBJC_IMPLICIT_RETAIN_SELF = YES;
				CLANG_WARN_OBJC_LITERAL_CONVERSION = YES;
				CLANG_WARN_OBJC_ROOT_CLASS = YES_ERROR;
				CLANG_WARN_RANGE_LOOP_ANALYSIS = YES;
				CLANG_WARN_STRICT_PROTOTYPES = YES;
				CLANG_WARN_SUSPICIOUS_MOVE = YES;
				CLANG_WARN_UNGUARDED_AVAILABILITY = YES_AGGRESSIVE;
				CLANG_WARN_UNREACHABLE_CODE = YES;
				CLANG_WARN__DUPLICATE_METHOD_MATCH = YES;
				COPY_PHASE_STRIP = NO;
				DEBUG_INFORMATION_FORMAT = dwarf;
				ENABLE_STRICT_OBJC_MSGSEND = YES;
				ENABLE_TESTABILITY = YES;
				GCC_C_LANGUAGE_STANDARD = gnu11;
				GCC_DYNAMIC_NO_PIC = NO;
				GCC_NO_COMMON_BLOCKS = YES;
				GCC_OPTIMIZATION_LEVEL = 0;
				GCC_PREPROCESSOR_DEFINITIONS = (
					"DEBUG=1",
					"$(inherited)",
				);
				GCC_WARN_64_TO_32_BIT_CONVERSION = YES;
				GCC_WARN_ABOUT_RETURN_TYPE = YES_ERROR;
				GCC_WARN_UNDECLARED_SELECTOR = YES;
				GCC_WARN_UNINITIALIZED_AUTOS = YES_AGGRESSIVE;
				GCC_WARN_UNUSED_FUNCTION = YES;
				GCC_WARN_UNUSED_VARIABLE = YES;
				IPHONEOS_DEPLOYMENT_TARGET = 13.2;
				MTL_ENABLE_DEBUG_INFO = INCLUDE_SOURCE;
				MTL_FAST_MATH = YES;
				ONLY_ACTIVE_ARCH = YES;
				SDKROOT = iphoneos;
				SWIFT_ACTIVE_COMPILATION_CONDITIONS = DEBUG;
				SWIFT_OPTIMIZATION_LEVEL = "-Onone";
			};
			name = Debug;
		};
		1D427D0B24392FAD003704E5 /* Release */ = {
			isa = XCBuildConfiguration;
			buildSettings = {
				ALWAYS_SEARCH_USER_PATHS = NO;
				CLANG_ANALYZER_NONNULL = YES;
				CLANG_ANALYZER_NUMBER_OBJECT_CONVERSION = YES_AGGRESSIVE;
				CLANG_CXX_LANGUAGE_STANDARD = "gnu++14";
				CLANG_CXX_LIBRARY = "libc++";
				CLANG_ENABLE_MODULES = YES;
				CLANG_ENABLE_OBJC_ARC = YES;
				CLANG_ENABLE_OBJC_WEAK = YES;
				CLANG_WARN_BLOCK_CAPTURE_AUTORELEASING = YES;
				CLANG_WARN_BOOL_CONVERSION = YES;
				CLANG_WARN_COMMA = YES;
				CLANG_WARN_CONSTANT_CONVERSION = YES;
				CLANG_WARN_DEPRECATED_OBJC_IMPLEMENTATIONS = YES;
				CLANG_WARN_DIRECT_OBJC_ISA_USAGE = YES_ERROR;
				CLANG_WARN_DOCUMENTATION_COMMENTS = YES;
				CLANG_WARN_EMPTY_BODY = YES;
				CLANG_WARN_ENUM_CONVERSION = YES;
				CLANG_WARN_INFINITE_RECURSION = YES;
				CLANG_WARN_INT_CONVERSION = YES;
				CLANG_WARN_NON_LITERAL_NULL_CONVERSION = YES;
				CLANG_WARN_OBJC_IMPLICIT_RETAIN_SELF = YES;
				CLANG_WARN_OBJC_LITERAL_CONVERSION = YES;
				CLANG_WARN_OBJC_ROOT_CLASS = YES_ERROR;
				CLANG_WARN_RANGE_LOOP_ANALYSIS = YES;
				CLANG_WARN_STRICT_PROTOTYPES = YES;
				CLANG_WARN_SUSPICIOUS_MOVE = YES;
				CLANG_WARN_UNGUARDED_AVAILABILITY = YES_AGGRESSIVE;
				CLANG_WARN_UNREACHABLE_CODE = YES;
				CLANG_WARN__DUPLICATE_METHOD_MATCH = YES;
				COPY_PHASE_STRIP = NO;
				DEBUG_INFORMATION_FORMAT = "dwarf-with-dsym";
				ENABLE_NS_ASSERTIONS = NO;
				ENABLE_STRICT_OBJC_MSGSEND = YES;
				GCC_C_LANGUAGE_STANDARD = gnu11;
				GCC_NO_COMMON_BLOCKS = YES;
				GCC_WARN_64_TO_32_BIT_CONVERSION = YES;
				GCC_WARN_ABOUT_RETURN_TYPE = YES_ERROR;
				GCC_WARN_UNDECLARED_SELECTOR = YES;
				GCC_WARN_UNINITIALIZED_AUTOS = YES_AGGRESSIVE;
				GCC_WARN_UNUSED_FUNCTION = YES;
				GCC_WARN_UNUSED_VARIABLE = YES;
				IPHONEOS_DEPLOYMENT_TARGET = 13.2;
				MTL_ENABLE_DEBUG_INFO = NO;
				MTL_FAST_MATH = YES;
				SDKROOT = iphoneos;
				SWIFT_COMPILATION_MODE = wholemodule;
				SWIFT_OPTIMIZATION_LEVEL = "-O";
				VALIDATE_PRODUCT = YES;
			};
			name = Release;
		};
		1D427D0D24392FAD003704E5 /* Debug */ = {
			isa = XCBuildConfiguration;
			buildSettings = {
				ASSETCATALOG_COMPILER_APPICON_NAME = AppIcon;
				CODE_SIGN_STYLE = Automatic;
				DEVELOPMENT_TEAM = 6YGH9XK378;
				INFOPLIST_FILE = assignment6/Info.plist;
				LD_RUNPATH_SEARCH_PATHS = (
					"$(inherited)",
					"@executable_path/Frameworks",
				);
				PRODUCT_BUNDLE_IDENTIFIER = cs329e.assignment6;
				PRODUCT_NAME = "$(TARGET_NAME)";
				SWIFT_VERSION = 5.0;
				TARGETED_DEVICE_FAMILY = "1,2";
			};
			name = Debug;
		};
		1D427D0E24392FAD003704E5 /* Release */ = {
			isa = XCBuildConfiguration;
			buildSettings = {
				ASSETCATALOG_COMPILER_APPICON_NAME = AppIcon;
				CODE_SIGN_STYLE = Automatic;
				DEVELOPMENT_TEAM = 6YGH9XK378;
				INFOPLIST_FILE = assignment6/Info.plist;
				LD_RUNPATH_SEARCH_PATHS = (
					"$(inherited)",
					"@executable_path/Frameworks",
				);
				PRODUCT_BUNDLE_IDENTIFIER = cs329e.assignment6;
				PRODUCT_NAME = "$(TARGET_NAME)";
				SWIFT_VERSION = 5.0;
				TARGETED_DEVICE_FAMILY = "1,2";
			};
			name = Release;
		};
/* End XCBuildConfiguration section */

/* Begin XCConfigurationList section */
		1D427CF024392FA8003704E5 /* Build configuration list for PBXProject "assignment6" */ = {
			isa = XCConfigurationList;
			buildConfigurations = (
				1D427D0A24392FAD003704E5 /* Debug */,
				1D427D0B24392FAD003704E5 /* Release */,
			);
			defaultConfigurationIsVisible = 0;
			defaultConfigurationName = Release;
		};
		1D427D0C24392FAD003704E5 /* Build configuration list for PBXNativeTarget "assignment6" */ = {
			isa = XCConfigurationList;
			buildConfigurations = (
				1D427D0D24392FAD003704E5 /* Debug */,
				1D427D0E24392FAD003704E5 /* Release */,
			);
			defaultConfigurationIsVisible = 0;
			defaultConfigurationName = Release;
		};
/* End XCConfigurationList section */

/* Begin XCVersionGroup section */
		1D427D0124392FA8003704E5 /* assignment6.xcdatamodeld */ = {
			isa = XCVersionGroup;
			children = (
				1D427D0224392FA8003704E5 /* assignment6.xcdatamodel */,
			);
			currentVersion = 1D427D0224392FA8003704E5 /* assignment6.xcdatamodel */;
			path = assignment6.xcdatamodeld;
			sourceTree = "<group>";
			versionGroupType = wrapper.xcdatamodel;
		};
/* End XCVersionGroup section */
	};
	rootObject = 1D427CED24392FA8003704E5 /* Project object */;
}
